github.com/garyburd/redigo v1.0.1-0.20160525165706-b8dc90050f24 h1:nREVDi4H8mwnNqfxFU9NMzZrDCg8TXbEatMvHozxKwU=
github.com/garyburd/redigo v1.0.1-0.20160525165706-b8dc90050f24/go.mod h1:NR3MbYisc3/PwhQ00EMzDiPmrwpPxAn5GI05/YaO1SY=
github.com/gin-gonic/gin v0.0.0-20160414233928-5caaac4c5c71 h1:ML+SQEYkMC4dDaXPRUyIOI0mbbXBdIvquVspxzzJ54E=
github.com/gin-gonic/gin v0.0.0-20160414233928-5caaac4c5c71/go.mod h1:7cKuhb5qV2ggCFctp2fJQ+ErvciLZrIeoOSOm6mUr7Y=
github.com/golang/protobuf v0.0.0-20160614223140-0c1f6d65b5a1 h1:wWfHFGZjHKDnUW3NaVqmOco2gy0/E4mGS7Bvt7eGTig=
github.com/golang/protobuf v0.0.0-20160614223140-0c1f6d65b5a1/go.mod h1:6lQm79b+lXiMfvg/cZm0SGofjICqVBUtrP5yJMmIC1U=
github.com/kurrik/oauth1a v0.0.0-20151019171716-cb1b80e32dd4 h1:hGX8e8fDuWmCOQEneaHtuiqiy1NsBnZW2G6lxitngus=
github.com/kurrik/oauth1a v0.0.0-20151019171716-cb1b80e32dd4/go.mod h1:8buhLMuecANgNgxrsQynWlNt03oXr1B/v2xbuRSrnEc=
github.com/kurrik/twittergo v0.0.0-20160609170749-1152e2e0077d h1:j5PnZXnfRWUAfzuv1Kw81VHR6sXp8jto5eyPSO6PHpI=
github.com/kurrik/twittergo v0.0.0-20160609170749-1152e2e0077d/go.mod h1:8LXjN6yItBbjlBtxMRLCfWK46yaoqRignovBZnyTiQ4=
github.com/manucorporat/sse v0.0.0-20160126180136-ee05b128a739 h1:ykXz+pRRTibcSjG1yRhpdSHInF8yZY/mfn+Rz2Nd1rE=
github.com/manucorporat/sse v0.0.0-20160126180136-ee05b128a739/go.mod h1:zUx1mhth20V3VKgL5jbd1BSQcW4Fy6Qs4PZvQwRFwzM=
github.com/soveran/redisurl v0.0.0-20130520141537-ac42ec99510b h1:OYeVEg0Ip6oFdiq6jAVaaCaJRMFF03QGQ0yz7bZgJmU=
github.com/soveran/redisurl v0.0.0-20130520141537-ac42ec99510b/go.mod h1:FVJ8jbHu7QrNFs3bZEsv/L5JjearIAY9N0oXh2wk+6Y=
golang.org/x/net v0.0.0-20160621215608-bc3663df0ac9 h1:TwI+0HD3/TwlTjTAK/8Yo5Q9RwbypNZ8IK3iN26Axh4=
golang.org/x/net v0.0.0-20160621215608-bc3663df0ac9/go.mod h1:mL1N/T3taQHkDXs73rZJwtUhF3w3ftmwwsq0BUmARs4=
gopkg.in/go-playground/validator.v8 v8.17.2 h1:4R86dnE4UskypytrvcWswEtRQ3krktX1mLp7QjCO93o=
gopkg.in/go-playground/validator.v8 v8.17.2/go.mod h1:RX2a/7Ha8BgOhfk7j780h4/u/RRjR0eouCJSH80/M2Y=
gopkg.in/yaml.v2 v2.0.0-20160301204022-a83829b6f129 h1:RBgb9aPUbZ9nu66ecQNIBNsA7j3mB5h8PNDIfhPjaJg=
gopkg.in/yaml.v2 v2.0.0-20160301204022-a83829b6f129/go.mod h1:JAlM8MvJe8wmxCU4Bli9HhUf9+ttbYbLASfIpnQbh74=
